// !$*UTF8*$!
{
	archiveVersion = 1;
	classes = {
	};
	objectVersion = 56;
	objects = {

/* Begin PBXBuildFile section */
		CC05B9212B8304C200A23F3E /* AppDelegate.swift in Sources */ = {isa = PBXBuildFile; fileRef = CC05B9202B8304C200A23F3E /* AppDelegate.swift */; };
		CC05B9232B8304C200A23F3E /* SceneDelegate.swift in Sources */ = {isa = PBXBuildFile; fileRef = CC05B9222B8304C200A23F3E /* SceneDelegate.swift */; };
		CC05B9252B8304C200A23F3E /* ViewController.swift in Sources */ = {isa = PBXBuildFile; fileRef = CC05B9242B8304C200A23F3E /* ViewController.swift */; };
		CC05B9282B8304C200A23F3E /* Main.storyboard in Resources */ = {isa = PBXBuildFile; fileRef = CC05B9262B8304C200A23F3E /* Main.storyboard */; };
		CC05B92A2B8304C400A23F3E /* Assets.xcassets in Resources */ = {isa = PBXBuildFile; fileRef = CC05B9292B8304C400A23F3E /* Assets.xcassets */; };
		CC05B92D2B8304C400A23F3E /* LaunchScreen.storyboard in Resources */ = {isa = PBXBuildFile; fileRef = CC05B92B2B8304C400A23F3E /* LaunchScreen.storyboard */; };
		CC05B93A2B830CCF00A23F3E /* TableViewCell.swift in Sources */ = {isa = PBXBuildFile; fileRef = CC05B9392B830CCF00A23F3E /* TableViewCell.swift */; };
		F8C7F361472C42416A23A871 /* Pods_Almofire.framework in Frameworks */ = {isa = PBXBuildFile; fileRef = 05D1E9E68D1C14016033ACA4 /* Pods_Almofire.framework */; };
/* End PBXBuildFile section */

/* Begin PBXFileReference section */
		05D1E9E68D1C14016033ACA4 /* Pods_Almofire.framework */ = {isa = PBXFileReference; explicitFileType = wrapper.framework; includeInIndex = 0; path = Pods_Almofire.framework; sourceTree = BUILT_PRODUCTS_DIR; };
		CC05B91D2B8304C200A23F3E /* Almofire.app */ = {isa = PBXFileReference; explicitFileType = wrapper.application; includeInIndex = 0; path = Almofire.app; sourceTree = BUILT_PRODUCTS_DIR; };
		CC05B9202B8304C200A23F3E /* AppDelegate.swift */ = {isa = PBXFileReference; lastKnownFileType = sourcecode.swift; path = AppDelegate.swift; sourceTree = "<group>"; };
		CC05B9222B8304C200A23F3E /* SceneDelegate.swift */ = {isa = PBXFileReference; lastKnownFileType = sourcecode.swift; path = SceneDelegate.swift; sourceTree = "<group>"; };
		CC05B9242B8304C200A23F3E /* ViewController.swift */ = {isa = PBXFileReference; lastKnownFileType = sourcecode.swift; path = ViewController.swift; sourceTree = "<group>"; };
		CC05B9272B8304C200A23F3E /* Base */ = {isa = PBXFileReference; lastKnownFileType = file.storyboard; name = Base; path = Base.lproj/Main.storyboard; sourceTree = "<group>"; };
		CC05B9292B8304C400A23F3E /* Assets.xcassets */ = {isa = PBXFileReference; lastKnownFileType = folder.assetcatalog; path = Assets.xcassets; sourceTree = "<group>"; };
		CC05B92C2B8304C400A23F3E /* Base */ = {isa = PBXFileReference; lastKnownFileType = file.storyboard; name = Base; path = Base.lproj/LaunchScreen.storyboard; sourceTree = "<group>"; };
		CC05B92E2B8304C400A23F3E /* Info.plist */ = {isa = PBXFileReference; lastKnownFileType = text.plist.xml; path = Info.plist; sourceTree = "<group>"; };
		CC05B9392B830CCF00A23F3E /* TableViewCell.swift */ = {isa = PBXFileReference; lastKnownFileType = sourcecode.swift; path = TableViewCell.swift; sourceTree = "<group>"; };
		E059574F01366A2B632CE566 /* Pods-Almofire.release.xcconfig */ = {isa = PBXFileReference; includeInIndex = 1; lastKnownFileType = text.xcconfig; name = "Pods-Almofire.release.xcconfig"; path = "Target Support Files/Pods-Almofire/Pods-Almofire.release.xcconfig"; sourceTree = "<group>"; };
		E909CABEEE9D9B6E54E8BC05 /* Pods-Almofire.debug.xcconfig */ = {isa = PBXFileReference; includeInIndex = 1; lastKnownFileType = text.xcconfig; name = "Pods-Almofire.debug.xcconfig"; path = "Target Support Files/Pods-Almofire/Pods-Almofire.debug.xcconfig"; sourceTree = "<group>"; };
/* End PBXFileReference section */

/* Begin PBXFrameworksBuildPhase section */
		CC05B91A2B8304C200A23F3E /* Frameworks */ = {
			isa = PBXFrameworksBuildPhase;
			buildActionMask = 2147483647;
			files = (
				F8C7F361472C42416A23A871 /* Pods_Almofire.framework in Frameworks */,
			);
			runOnlyForDeploymentPostprocessing = 0;
		};
/* End PBXFrameworksBuildPhase section */

/* Begin PBXGroup section */
		B4C7FDEF280203D1C899BBBB /* Pods */ = {
			isa = PBXGroup;
			children = (
				E909CABEEE9D9B6E54E8BC05 /* Pods-Almofire.debug.xcconfig */,
				E059574F01366A2B632CE566 /* Pods-Almofire.release.xcconfig */,
			);
			path = Pods;
			sourceTree = "<group>";
		};
		CC05B9142B8304C200A23F3E = {
			isa = PBXGroup;
			children = (
				CC05B91F2B8304C200A23F3E /* Almofire */,
				CC05B91E2B8304C200A23F3E /* Products */,
				B4C7FDEF280203D1C899BBBB /* Pods */,
				E563556ACC72FF1910B71582 /* Frameworks */,
			);
			sourceTree = "<group>";
		};
		CC05B91E2B8304C200A23F3E /* Products */ = {
			isa = PBXGroup;
			children = (
				CC05B91D2B8304C200A23F3E /* Almofire.app */,
			);
			name = Products;
			sourceTree = "<group>";
		};
		CC05B91F2B8304C200A23F3E /* Almofire */ = {
			isa = PBXGroup;
			children = (
				CC05B9202B8304C200A23F3E /* AppDelegate.swift */,
				CC05B9222B8304C200A23F3E /* SceneDelegate.swift */,
				CC05B9242B8304C200A23F3E /* ViewController.swift */,
				CC05B9262B8304C200A23F3E /* Main.storyboard */,
				CC05B9292B8304C400A23F3E /* Assets.xcassets */,
				CC05B92B2B8304C400A23F3E /* LaunchScreen.storyboard */,
				CC05B92E2B8304C400A23F3E /* Info.plist */,
				CC05B9392B830CCF00A23F3E /* TableViewCell.swift */,
			);
			path = Almofire;
			sourceTree = "<group>";
		};
		E563556ACC72FF1910B71582 /* Frameworks */ = {
			isa = PBXGroup;
			children = (
				05D1E9E68D1C14016033ACA4 /* Pods_Almofire.framework */,
			);
			name = Frameworks;
			sourceTree = "<group>";
		};
/* End PBXGroup section */

/* Begin PBXNativeTarget section */
		CC05B91C2B8304C200A23F3E /* Almofire */ = {
			isa = PBXNativeTarget;
			buildConfigurationList = CC05B9312B8304C400A23F3E /* Build configuration list for PBXNativeTarget "Almofire" */;
			buildPhases = (
				8E2CF7D5CF787E86FD4661F6 /* [CP] Check Pods Manifest.lock */,
				CC05B9192B8304C200A23F3E /* Sources */,
				CC05B91A2B8304C200A23F3E /* Frameworks */,
				CC05B91B2B8304C200A23F3E /* Resources */,
				7384E3FDDAB38EA91492E722 /* [CP] Embed Pods Frameworks */,
			);
			buildRules = (
			);
			dependencies = (
			);
			name = Almofire;
			packageProductDependencies = (
			);
			productName = Almofire;
			productReference = CC05B91D2B8304C200A23F3E /* Almofire.app */;
			productType = "com.apple.product-type.application";
		};
/* End PBXNativeTarget section */

/* Begin PBXProject section */
		CC05B9152B8304C200A23F3E /* Project object */ = {
			isa = PBXProject;
			attributes = {
				BuildIndependentTargetsInParallel = 1;
				LastSwiftUpdateCheck = 1420;
				LastUpgradeCheck = 1420;
				TargetAttributes = {
					CC05B91C2B8304C200A23F3E = {
						CreatedOnToolsVersion = 14.2;
					};
				};
			};
			buildConfigurationList = CC05B9182B8304C200A23F3E /* Build configuration list for PBXProject "Almofire" */;
			compatibilityVersion = "Xcode 14.0";
			developmentRegion = en;
			hasScannedForEncodings = 0;
			knownRegions = (
				en,
				Base,
			);
			mainGroup = CC05B9142B8304C200A23F3E;
			packageReferences = (
			);
			productRefGroup = CC05B91E2B8304C200A23F3E /* Products */;
			projectDirPath = "";
			projectRoot = "";
			targets = (
				CC05B91C2B8304C200A23F3E /* Almofire */,
			);
		};
/* End PBXProject section */

/* Begin PBXResourcesBuildPhase section */
		CC05B91B2B8304C200A23F3E /* Resources */ = {
			isa = PBXResourcesBuildPhase;
			buildActionMask = 2147483647;
			files = (
				CC05B92D2B8304C400A23F3E /* LaunchScreen.storyboard in Resources */,
				CC05B92A2B8304C400A23F3E /* Assets.xcassets in Resources */,
				CC05B9282B8304C200A23F3E /* Main.storyboard in Resources */,
			);
			runOnlyForDeploymentPostprocessing = 0;
		};
/* End PBXResourcesBuildPhase section */

/* Begin PBXShellScriptBuildPhase section */
		7384E3FDDAB38EA91492E722 /* [CP] Embed Pods Frameworks */ = {
			isa = PBXShellScriptBuildPhase;
			buildActionMask = 2147483647;
			files = (
			);
			inputFileListPaths = (
				"${PODS_ROOT}/Target Support Files/Pods-Almofire/Pods-Almofire-frameworks-${CONFIGURATION}-input-files.xcfilelist",
			);
			name = "[CP] Embed Pods Frameworks";
			outputFileListPaths = (
				"${PODS_ROOT}/Target Support Files/Pods-Almofire/Pods-Almofire-frameworks-${CONFIGURATION}-output-files.xcfilelist",
			);
			runOnlyForDeploymentPostprocessing = 0;
			shellPath = /bin/sh;
			shellScript = "\"${PODS_ROOT}/Target Support Files/Pods-Almofire/Pods-Almofire-frameworks.sh\"\n";
			showEnvVarsInLog = 0;
		};
		8E2CF7D5CF787E86FD4661F6 /* [CP] Check Pods Manifest.lock */ = {
			isa = PBXShellScriptBuildPhase;
			buildActionMask = 2147483647;
			files = (
			);
			inputFileListPaths = (
			);
			inputPaths = (
				"${PODS_PODFILE_DIR_PATH}/Podfile.lock",
				"${PODS_ROOT}/Manifest.lock",
			);
			name = "[CP] Check Pods Manifest.lock";
			outputFileListPaths = (
			);
			outputPaths = (
				"$(DERIVED_FILE_DIR)/Pods-Almofire-checkManifestLockResult.txt",
			);
			runOnlyForDeploymentPostprocessing = 0;
			shellPath = /bin/sh;
			shellScript = "diff \"${PODS_PODFILE_DIR_PATH}/Podfile.lock\" \"${PODS_ROOT}/Manifest.lock\" > /dev/null\nif [ $? != 0 ] ; then\n    # print error to STDERR\n    echo \"error: The sandbox is not in sync with the Podfile.lock. Run 'pod install' or update your CocoaPods installation.\" >&2\n    exit 1\nfi\n# This output is used by Xcode 'outputs' to avoid re-running this script phase.\necho \"SUCCESS\" > \"${SCRIPT_OUTPUT_FILE_0}\"\n";
			showEnvVarsInLog = 0;
		};
/* End PBXShellScriptBuildPhase section */

/* Begin PBXSourcesBuildPhase section */
		CC05B9192B8304C200A23F3E /* Sources */ = {
			isa = PBXSourcesBuildPhase;
			buildActionMask = 2147483647;
			files = (
				CC05B9252B8304C200A23F3E /* ViewController.swift in Sources */,
				CC05B93A2B830CCF00A23F3E /* TableViewCell.swift in Sources */,
				CC05B9212B8304C200A23F3E /* AppDelegate.swift in Sources */,
				CC05B9232B8304C200A23F3E /* SceneDelegate.swift in Sources */,
			);
			runOnlyForDeploymentPostprocessing = 0;
		};
/* End PBXSourcesBuildPhase section */

/* Begin PBXVariantGroup section */
		CC05B9262B8304C200A23F3E /* Main.storyboard */ = {
			isa = PBXVariantGroup;
			children = (
				CC05B9272B8304C200A23F3E /* Base */,
			);
			name = Main.storyboard;
			sourceTree = "<group>";
		};
		CC05B92B2B8304C400A23F3E /* LaunchScreen.storyboard */ = {
			isa = PBXVariantGroup;
			children = (
				CC05B92C2B8304C400A23F3E /* Base */,
			);
			name = LaunchScreen.storyboard;
			sourceTree = "<group>";
		};
/* End PBXVariantGroup section */

/* Begin XCBuildConfiguration section */
		CC05B92F2B8304C400A23F3E /* Debug */ = {
			isa = XCBuildConfiguration;
			buildSettings = {
				ALWAYS_SEARCH_USER_PATHS = NO;
				CLANG_ANALYZER_NONNULL = YES;
				CLANG_ANALYZER_NUMBER_OBJECT_CONVERSION = YES_AGGRESSIVE;
				CLANG_CXX_LANGUAGE_STANDARD = "gnu++20";
				CLANG_ENABLE_MODULES = YES;
				CLANG_ENABLE_OBJC_ARC = YES;
				CLANG_ENABLE_OBJC_WEAK = YES;
				CLANG_WARN_BLOCK_CAPTURE_AUTORELEASING = YES;
				CLANG_WARN_BOOL_CONVERSION = YES;
				CLANG_WARN_COMMA = YES;
				CLANG_WARN_CONSTANT_CONVERSION = YES;
				CLANG_WARN_DEPRECATED_OBJC_IMPLEMENTATIONS = YES;
				CLANG_WARN_DIRECT_OBJC_ISA_USAGE = YES_ERROR;
				CLANG_WARN_DOCUMENTATION_COMMENTS = YES;
				CLANG_WARN_EMPTY_BODY = YES;
				CLANG_WARN_ENUM_CONVERSION = YES;
				CLANG_WARN_INFINITE_RECURSION = YES;
				CLANG_WARN_INT_CONVERSION = YES;
				CLANG_WARN_NON_LITERAL_NULL_CONVERSION = YES;
				CLANG_WARN_OBJC_IMPLICIT_RETAIN_SELF = YES;
				CLANG_WARN_OBJC_LITERAL_CONVERSION = YES;
				CLANG_WARN_OBJC_ROOT_CLASS = YES_ERROR;
				CLANG_WARN_QUOTED_INCLUDE_IN_FRAMEWORK_HEADER = YES;
				CLANG_WARN_RANGE_LOOP_ANALYSIS = YES;
				CLANG_WARN_STRICT_PROTOTYPES = YES;
				CLANG_WARN_SUSPICIOUS_MOVE = YES;
				CLANG_WARN_UNGUARDED_AVAILABILITY = YES_AGGRESSIVE;
				CLANG_WARN_UNREACHABLE_CODE = YES;
				CLANG_WARN__DUPLICATE_METHOD_MATCH = YES;
				COPY_PHASE_STRIP = NO;
				DEBUG_INFORMATION_FORMAT = dwarf;
				ENABLE_STRICT_OBJC_MSGSEND = YES;
				ENABLE_TESTABILITY = YES;
				GCC_C_LANGUAGE_STANDARD = gnu11;
				GCC_DYNAMIC_NO_PIC = NO;
				GCC_NO_COMMON_BLOCKS = YES;
				GCC_OPTIMIZATION_LEVEL = 0;
				GCC_PREPROCESSOR_DEFINITIONS = (
					"DEBUG=1",
					"$(inherited)",
				);
				GCC_WARN_64_TO_32_BIT_CONVERSION = YES;
				GCC_WARN_ABOUT_RETURN_TYPE = YES_ERROR;
				GCC_WARN_UNDECLARED_SELECTOR = YES;
				GCC_WARN_UNINITIALIZED_AUTOS = YES_AGGRESSIVE;
				GCC_WARN_UNUSED_FUNCTION = YES;
				GCC_WARN_UNUSED_VARIABLE = YES;
				IPHONEOS_DEPLOYMENT_TARGET = 16.2;
				MTL_ENABLE_DEBUG_INFO = INCLUDE_SOURCE;
				MTL_FAST_MATH = YES;
				ONLY_ACTIVE_ARCH = YES;
				SDKROOT = iphoneos;
				SWIFT_ACTIVE_COMPILATION_CONDITIONS = DEBUG;
				SWIFT_OPTIMIZATION_LEVEL = "-Onone";
			};
			name = Debug;
		};
		CC05B9302B8304C400A23F3E /* Release */ = {
			isa = XCBuildConfiguration;
			buildSettings = {
				ALWAYS_SEARCH_USER_PATHS = NO;
				CLANG_ANALYZER_NONNULL = YES;
				CLANG_ANALYZER_NUMBER_OBJECT_CONVERSION = YES_AGGRESSIVE;
				CLANG_CXX_LANGUAGE_STANDARD = "gnu++20";
				CLANG_ENABLE_MODULES = YES;
				CLANG_ENABLE_OBJC_ARC = YES;
				CLANG_ENABLE_OBJC_WEAK = YES;
				CLANG_WARN_BLOCK_CAPTURE_AUTORELEASING = YES;
				CLANG_WARN_BOOL_CONVERSION = YES;
				CLANG_WARN_COMMA = YES;
				CLANG_WARN_CONSTANT_CONVERSION = YES;
				CLANG_WARN_DEPRECATED_OBJC_IMPLEMENTATIONS = YES;
				CLANG_WARN_DIRECT_OBJC_ISA_USAGE = YES_ERROR;
				CLANG_WARN_DOCUMENTATION_COMMENTS = YES;
				CLANG_WARN_EMPTY_BODY = YES;
				CLANG_WARN_ENUM_CONVERSION = YES;
				CLANG_WARN_INFINITE_RECURSION = YES;
				CLANG_WARN_INT_CONVERSION = YES;
				CLANG_WARN_NON_LITERAL_NULL_CONVERSION = YES;
				CLANG_WARN_OBJC_IMPLICIT_RETAIN_SELF = YES;
				CLANG_WARN_OBJC_LITERAL_CONVERSION = YES;
				CLANG_WARN_OBJC_ROOT_CLASS = YES_ERROR;
				CLANG_WARN_QUOTED_INCLUDE_IN_FRAMEWORK_HEADER = YES;
				CLANG_WARN_RANGE_LOOP_ANALYSIS = YES;
				CLANG_WARN_STRICT_PROTOTYPES = YES;
				CLANG_WARN_SUSPICIOUS_MOVE = YES;
				CLANG_WARN_UNGUARDED_AVAILABILITY = YES_AGGRESSIVE;
				CLANG_WARN_UNREACHABLE_CODE = YES;
				CLANG_WARN__DUPLICATE_METHOD_MATCH = YES;
				COPY_PHASE_STRIP = NO;
				DEBUG_INFORMATION_FORMAT = "dwarf-with-dsym";
				ENABLE_NS_ASSERTIONS = NO;
				ENABLE_STRICT_OBJC_MSGSEND = YES;
				GCC_C_LANGUAGE_STANDARD = gnu11;
				GCC_NO_COMMON_BLOCKS = YES;
				GCC_WARN_64_TO_32_BIT_CONVERSION = YES;
				GCC_WARN_ABOUT_RETURN_TYPE = YES_ERROR;
				GCC_WARN_UNDECLARED_SELECTOR = YES;
				GCC_WARN_UNINITIALIZED_AUTOS = YES_AGGRESSIVE;
				GCC_WARN_UNUSED_FUNCTION = YES;
				GCC_WARN_UNUSED_VARIABLE = YES;
				IPHONEOS_DEPLOYMENT_TARGET = 16.2;
				MTL_ENABLE_DEBUG_INFO = NO;
				MTL_FAST_MATH = YES;
				SDKROOT = iphoneos;
				SWIFT_COMPILATION_MODE = wholemodule;
				SWIFT_OPTIMIZATION_LEVEL = "-O";
				VALIDATE_PRODUCT = YES;
			};
			name = Release;
		};
		CC05B9322B8304C400A23F3E /* Debug */ = {
			isa = XCBuildConfiguration;
			baseConfigurationReference = E909CABEEE9D9B6E54E8BC05 /* Pods-Almofire.debug.xcconfig */;
			buildSettings = {
				ASSETCATALOG_COMPILER_APPICON_NAME = AppIcon;
				ASSETCATALOG_COMPILER_GLOBAL_ACCENT_COLOR_NAME = AccentColor;
				CODE_SIGN_STYLE = Automatic;
				CURRENT_PROJECT_VERSION = 1;
				GENERATE_INFOPLIST_FILE = YES;
				INFOPLIST_FILE = Almofire/Info.plist;
				INFOPLIST_KEY_UIApplicationSupportsIndirectInputEvents = YES;
				INFOPLIST_KEY_UILaunchStoryboardName = LaunchScreen;
				INFOPLIST_KEY_UIMainStoryboardFile = Main;
				INFOPLIST_KEY_UISupportedInterfaceOrientations_iPad = "UIInterfaceOrientationPortrait UIInterfaceOrientationPortraitUpsideDown UIInterfaceOrientationLandscapeLeft UIInterfaceOrientationLandscapeRight";
				INFOPLIST_KEY_UISupportedInterfaceOrientations_iPhone = "UIInterfaceOrientationPortrait UIInterfaceOrientationLandscapeLeft UIInterfaceOrientationLandscapeRight";
				IPHONEOS_DEPLOYMENT_TARGET = 14.0;
				LD_RUNPATH_SEARCH_PATHS = (
					"$(inherited)",
					"@executable_path/Frameworks",
				);
				MARKETING_VERSION = 1.0;
				PRODUCT_BUNDLE_IDENTIFIER = com.Task.Almofire;
				PRODUCT_NAME = "$(TARGET_NAME)";
				SWIFT_EMIT_LOC_STRINGS = YES;
				SWIFT_VERSION = 5.0;
				TARGETED_DEVICE_FAMILY = "1,2";
			};
			name = Debug;
		};
		CC05B9332B8304C400A23F3E /* Release */ = {
			isa = XCBuildConfiguration;
			baseConfigurationReference = E059574F01366A2B632CE566 /* Pods-Almofire.release.xcconfig */;
			buildSettings = {
				ASSETCATALOG_COMPILER_APPICON_NAME = AppIcon;
				ASSETCATALOG_COMPILER_GLOBAL_ACCENT_COLOR_NAME = AccentColor;
				CODE_SIGN_STYLE = Automatic;
				CURRENT_PROJECT_VERSION = 1;
				GENERATE_INFOPLIST_FILE = YES;
				INFOPLIST_FILE = Almofire/Info.plist;
				INFOPLIST_KEY_UIApplicationSupportsIndirectInputEvents = YES;
				INFOPLIST_KEY_UILaunchStoryboardName = LaunchScreen;
				INFOPLIST_KEY_UIMainStoryboardFile = Main;
				INFOPLIST_KEY_UISupportedInterfaceOrientations_iPad = "UIInterfaceOrientationPortrait UIInterfaceOrientationPortraitUpsideDown UIInterfaceOrientationLandscapeLeft UIInterfaceOrientationLandscapeRight";
				INFOPLIST_KEY_UISupportedInterfaceOrientations_iPhone = "UIInterfaceOrientationPortrait UIInterfaceOrientationLandscapeLeft UIInterfaceOrientationLandscapeRight";
				IPHONEOS_DEPLOYMENT_TARGET = 14.0;
				LD_RUNPATH_SEARCH_PATHS = (
					"$(inherited)",
					"@executable_path/Frameworks",
				);
				MARKETING_VERSION = 1.0;
				PRODUCT_BUNDLE_IDENTIFIER = com.Task.Almofire;
				PRODUCT_NAME = "$(TARGET_NAME)";
				SWIFT_EMIT_LOC_STRINGS = YES;
				SWIFT_VERSION = 5.0;
				TARGETED_DEVICE_FAMILY = "1,2";
			};
			name = Release;
		};
/* End XCBuildConfiguration section */

/* Begin XCConfigurationList section */
		CC05B9182B8304C200A23F3E /* Build configuration list for PBXProject "Almofire" */ = {
			isa = XCConfigurationList;
			buildConfigurations = (
				CC05B92F2B8304C400A23F3E /* Debug */,
				CC05B9302B8304C400A23F3E /* Release */,
			);
			defaultConfigurationIsVisible = 0;
			defaultConfigurationName = Release;
		};
		CC05B9312B8304C400A23F3E /* Build configuration list for PBXNativeTarget "Almofire" */ = {
			isa = XCConfigurationList;
			buildConfigurations = (
				CC05B9322B8304C400A23F3E /* Debug */,
				CC05B9332B8304C400A23F3E /* Release */,
			);
			defaultConfigurationIsVisible = 0;
			defaultConfigurationName = Release;
		};
/* End XCConfigurationList section */
	};
	rootObject = CC05B9152B8304C200A23F3E /* Project object */;
}
